
Microsoft Visual Studio Solution File, Format Version 12.00
# Visual Studio 15
VisualStudioVersion = 15.0.27428.2037
MinimumVisualStudioVersion = 10.0.40219.1
Project("{FAE04EC0-301F-11D3-BF4B-00C04F79EFBC}") = "OOPFinalProject", "OOPFinalProject\OOPFinalProject.csproj", "{A9913707-58FA-4499-9ADB-A23BB8EACA59}"
EndProject
Project("{FAE04EC0-301F-11D3-BF4B-00C04F79EFBC}") = "OOPFinalProject.BL", "OOPFinalProject.BL\OOPFinalProject.BL.csproj", "{6C6DB678-6BB8-4D10-9DE0-912E6F17B67D}"
EndProject
Project("{FAE04EC0-301F-11D3-BF4B-00C04F79EFBC}") = "Data", "Data\Data.csproj", "{4875DCC3-7551-45D3-BED5-A686DD0192A2}"
EndProject
Project("{FAE04EC0-301F-11D3-BF4B-00C04F79EFBC}") = "ConsoleApp1", "ConsoleApp1\ConsoleApp1.csproj", "{CFE86A54-7412-49CF-A4C0-C671AEBDD568}"
EndProject
Global
	GlobalSection(SolutionConfigurationPlatforms) = preSolution
		Debug|Any CPU = Debug|Any CPU
		Release|Any CPU = Release|Any CPU
	EndGlobalSection
	GlobalSection(ProjectConfigurationPlatforms) = postSolution
		{A9913707-58FA-4499-9ADB-A23BB8EACA59}.Debug|Any CPU.ActiveCfg = Debug|Any CPU
		{A9913707-58FA-4499-9ADB-A23BB8EACA59}.Debug|Any CPU.Build.0 = Debug|Any CPU
		{A9913707-58FA-4499-9ADB-A23BB8EACA59}.Release|Any CPU.ActiveCfg = Release|Any CPU
		{A9913707-58FA-4499-9ADB-A23BB8EACA59}.Release|Any CPU.Build.0 = Release|Any CPU
		{6C6DB678-6BB8-4D10-9DE0-912E6F17B67D}.Debug|Any CPU.ActiveCfg = Debug|Any CPU
		{6C6DB678-6BB8-4D10-9DE0-912E6F17B67D}.Debug|Any CPU.Build.0 = Debug|Any CPU
		{6C6DB678-6BB8-4D10-9DE0-912E6F17B67D}.Release|Any CPU.ActiveCfg = Release|Any CPU
		{6C6DB678-6BB8-4D10-9DE0-912E6F17B67D}.Release|Any CPU.Build.0 = Release|Any CPU
		{4875DCC3-7551-45D3-BED5-A686DD0192A2}.Debug|Any CPU.ActiveCfg = Debug|Any CPU
		{4875DCC3-7551-45D3-BED5-A686DD0192A2}.Debug|Any CPU.Build.0 = Debug|Any CPU
		{4875DCC3-7551-45D3-BED5-A686DD0192A2}.Release|Any CPU.ActiveCfg = Release|Any CPU
		{4875DCC3-7551-45D3-BED5-A686DD0192A2}.Release|Any CPU.Build.0 = Release|Any CPU
		{CFE86A54-7412-49CF-A4C0-C671AEBDD568}.Debug|Any CPU.ActiveCfg = Debug|Any CPU
		{CFE86A54-7412-49CF-A4C0-C671AEBDD568}.Debug|Any CPU.Build.0 = Debug|Any CPU
		{CFE86A54-7412-49CF-A4C0-C671AEBDD568}.Release|Any CPU.ActiveCfg = Release|Any CPU
		{CFE86A54-7412-49CF-A4C0-C671AEBDD568}.Release|Any CPU.Build.0 = Release|Any CPU
	EndGlobalSection
	GlobalSection(SolutionProperties) = preSolution
		HideSolutionNode = FALSE
	EndGlobalSection
	GlobalSection(ExtensibilityGlobals) = postSolution
		SolutionGuid = {2608DDCC-7801-4EE8-ACFD-807CE4B8E38E}
	EndGlobalSection
EndGlobal
